// !$*UTF8*$!
{
	archiveVersion = 1;
	classes = {
	};
	objectVersion = 46;
	objects = {

/* Begin PBXBuildFile section */
		0C1F59811C54A4DE00FBA1BF /* AFHTTPSessionManager.m in Sources */ = {isa = PBXBuildFile; fileRef = 0C1F59731C54A4DE00FBA1BF /* AFHTTPSessionManager.m */; };
		0C1F59821C54A4DE00FBA1BF /* AFNetworkReachabilityManager.m in Sources */ = {isa = PBXBuildFile; fileRef = 0C1F59761C54A4DE00FBA1BF /* AFNetworkReachabilityManager.m */; };
		0C1F59831C54A4DE00FBA1BF /* AFSecurityPolicy.m in Sources */ = {isa = PBXBuildFile; fileRef = 0C1F59781C54A4DE00FBA1BF /* AFSecurityPolicy.m */; };
		0C1F59841C54A4DE00FBA1BF /* AFURLRequestSerialization.m in Sources */ = {isa = PBXBuildFile; fileRef = 0C1F597A1C54A4DE00FBA1BF /* AFURLRequestSerialization.m */; };
		0C1F59851C54A4DE00FBA1BF /* AFURLResponseSerialization.m in Sources */ = {isa = PBXBuildFile; fileRef = 0C1F597C1C54A4DE00FBA1BF /* AFURLResponseSerialization.m */; };
		0C1F59861C54A4DE00FBA1BF /* AFURLSessionManager.m in Sources */ = {isa = PBXBuildFile; fileRef = 0C1F597E1C54A4DE00FBA1BF /* AFURLSessionManager.m */; };
		0C1F59871C54A4DE00FBA1BF /* TPRequestManager.m in Sources */ = {isa = PBXBuildFile; fileRef = 0C1F59801C54A4DE00FBA1BF /* TPRequestManager.m */; };
		0C53E74E1C32EC8A00A5A5D1 /* TPTestTag.m in Sources */ = {isa = PBXBuildFile; fileRef = 0C53E74D1C32EC8A00A5A5D1 /* TPTestTag.m */; };
		0C53E7501C32F0A600A5A5D1 /* test.xml in Resources */ = {isa = PBXBuildFile; fileRef = 0C53E74F1C32F0A600A5A5D1 /* test.xml */; };
		28DF84EF1BFAF84B009A1C61 /* main.m in Sources */ = {isa = PBXBuildFile; fileRef = 28DF84EE1BFAF84B009A1C61 /* main.m */; };
		28DF84F21BFAF84B009A1C61 /* AppDelegate.m in Sources */ = {isa = PBXBuildFile; fileRef = 28DF84F11BFAF84B009A1C61 /* AppDelegate.m */; };
		28DF84F81BFAF84B009A1C61 /* Main.storyboard in Resources */ = {isa = PBXBuildFile; fileRef = 28DF84F61BFAF84B009A1C61 /* Main.storyboard */; };
		28DF84FA1BFAF84B009A1C61 /* Assets.xcassets in Resources */ = {isa = PBXBuildFile; fileRef = 28DF84F91BFAF84B009A1C61 /* Assets.xcassets */; };
		28DF84FD1BFAF84B009A1C61 /* LaunchScreen.storyboard in Resources */ = {isa = PBXBuildFile; fileRef = 28DF84FB1BFAF84B009A1C61 /* LaunchScreen.storyboard */; };
		28DF85081BFAF84B009A1C61 /* TPXMLParserExampleTests.m in Sources */ = {isa = PBXBuildFile; fileRef = 28DF85071BFAF84B009A1C61 /* TPXMLParserExampleTests.m */; };
		28DF85131BFAF84B009A1C61 /* TPXMLParserExampleUITests.m in Sources */ = {isa = PBXBuildFile; fileRef = 28DF85121BFAF84B009A1C61 /* TPXMLParserExampleUITests.m */; };
		28DF85251BFAF8B6009A1C61 /* TPXMLParser.m in Sources */ = {isa = PBXBuildFile; fileRef = 28DF85241BFAF8B6009A1C61 /* TPXMLParser.m */; };
		28DF85291BFAF954009A1C61 /* TPTestModel.m in Sources */ = {isa = PBXBuildFile; fileRef = 28DF85281BFAF954009A1C61 /* TPTestModel.m */; };
		28DF852D1BFAFAF1009A1C61 /* TPTestTableViewController.m in Sources */ = {isa = PBXBuildFile; fileRef = 28DF852C1BFAFAF1009A1C61 /* TPTestTableViewController.m */; };
		28DF85311BFAFE1D009A1C61 /* TPTestTableViewCell.m in Sources */ = {isa = PBXBuildFile; fileRef = 28DF85301BFAFE1D009A1C61 /* TPTestTableViewCell.m */; };
		28DF85971BFB1F52009A1C61 /* MKAnnotationView+WebCache.m in Sources */ = {isa = PBXBuildFile; fileRef = 28DF85771BFB1F52009A1C61 /* MKAnnotationView+WebCache.m */; };
		28DF85981BFB1F52009A1C61 /* NSData+ImageContentType.m in Sources */ = {isa = PBXBuildFile; fileRef = 28DF85791BFB1F52009A1C61 /* NSData+ImageContentType.m */; };
		28DF85991BFB1F52009A1C61 /* SDImageCache.m in Sources */ = {isa = PBXBuildFile; fileRef = 28DF857B1BFB1F52009A1C61 /* SDImageCache.m */; };
		28DF859A1BFB1F52009A1C61 /* SDWebImageCompat.m in Sources */ = {isa = PBXBuildFile; fileRef = 28DF857D1BFB1F52009A1C61 /* SDWebImageCompat.m */; };
		28DF859B1BFB1F52009A1C61 /* SDWebImageDecoder.m in Sources */ = {isa = PBXBuildFile; fileRef = 28DF857F1BFB1F52009A1C61 /* SDWebImageDecoder.m */; };
		28DF859C1BFB1F52009A1C61 /* SDWebImageDownloader.m in Sources */ = {isa = PBXBuildFile; fileRef = 28DF85811BFB1F52009A1C61 /* SDWebImageDownloader.m */; };
		28DF859D1BFB1F52009A1C61 /* SDWebImageDownloaderOperation.m in Sources */ = {isa = PBXBuildFile; fileRef = 28DF85831BFB1F52009A1C61 /* SDWebImageDownloaderOperation.m */; };
		28DF859E1BFB1F52009A1C61 /* SDWebImageManager.m in Sources */ = {isa = PBXBuildFile; fileRef = 28DF85851BFB1F52009A1C61 /* SDWebImageManager.m */; };
		28DF859F1BFB1F52009A1C61 /* SDWebImagePrefetcher.m in Sources */ = {isa = PBXBuildFile; fileRef = 28DF85881BFB1F52009A1C61 /* SDWebImagePrefetcher.m */; };
		28DF85A01BFB1F52009A1C61 /* UIButton+WebCache.m in Sources */ = {isa = PBXBuildFile; fileRef = 28DF858A1BFB1F52009A1C61 /* UIButton+WebCache.m */; };
		28DF85A11BFB1F52009A1C61 /* UIImage+GIF.m in Sources */ = {isa = PBXBuildFile; fileRef = 28DF858C1BFB1F52009A1C61 /* UIImage+GIF.m */; };
		28DF85A21BFB1F52009A1C61 /* UIImage+MultiFormat.m in Sources */ = {isa = PBXBuildFile; fileRef = 28DF858E1BFB1F52009A1C61 /* UIImage+MultiFormat.m */; };
		28DF85A31BFB1F52009A1C61 /* UIImage+WebP.m in Sources */ = {isa = PBXBuildFile; fileRef = 28DF85901BFB1F52009A1C61 /* UIImage+WebP.m */; };
		28DF85A41BFB1F52009A1C61 /* UIImageView+HighlightedWebCache.m in Sources */ = {isa = PBXBuildFile; fileRef = 28DF85921BFB1F52009A1C61 /* UIImageView+HighlightedWebCache.m */; };
		28DF85A51BFB1F52009A1C61 /* UIImageView+WebCache.m in Sources */ = {isa = PBXBuildFile; fileRef = 28DF85941BFB1F52009A1C61 /* UIImageView+WebCache.m */; };
		28DF85A61BFB1F52009A1C61 /* UIView+WebCacheOperation.m in Sources */ = {isa = PBXBuildFile; fileRef = 28DF85961BFB1F52009A1C61 /* UIView+WebCacheOperation.m */; };
		28DF85A81BFB20C7009A1C61 /* a.png in Resources */ = {isa = PBXBuildFile; fileRef = 28DF85A71BFB20C7009A1C61 /* a.png */; };
/* End PBXBuildFile section */

/* Begin PBXContainerItemProxy section */
		28DF85041BFAF84B009A1C61 /* PBXContainerItemProxy */ = {
			isa = PBXContainerItemProxy;
			containerPortal = 28DF84E21BFAF84B009A1C61 /* Project object */;
			proxyType = 1;
			remoteGlobalIDString = 28DF84E91BFAF84B009A1C61;
			remoteInfo = TPXMLParserExample;
		};
		28DF850F1BFAF84B009A1C61 /* PBXContainerItemProxy */ = {
			isa = PBXContainerItemProxy;
			containerPortal = 28DF84E21BFAF84B009A1C61 /* Project object */;
			proxyType = 1;
			remoteGlobalIDString = 28DF84E91BFAF84B009A1C61;
			remoteInfo = TPXMLParserExample;
		};
/* End PBXContainerItemProxy section */

/* Begin PBXFileReference section */
		0C1F59721C54A4DE00FBA1BF /* AFHTTPSessionManager.h */ = {isa = PBXFileReference; fileEncoding = 4; lastKnownFileType = sourcecode.c.h; path = AFHTTPSessionManager.h; sourceTree = "<group>"; };
		0C1F59731C54A4DE00FBA1BF /* AFHTTPSessionManager.m */ = {isa = PBXFileReference; fileEncoding = 4; lastKnownFileType = sourcecode.c.objc; path = AFHTTPSessionManager.m; sourceTree = "<group>"; };
		0C1F59741C54A4DE00FBA1BF /* AFNetworking.h */ = {isa = PBXFileReference; fileEncoding = 4; lastKnownFileType = sourcecode.c.h; path = AFNetworking.h; sourceTree = "<group>"; };
		0C1F59751C54A4DE00FBA1BF /* AFNetworkReachabilityManager.h */ = {isa = PBXFileReference; fileEncoding = 4; lastKnownFileType = sourcecode.c.h; path = AFNetworkReachabilityManager.h; sourceTree = "<group>"; };
		0C1F59761C54A4DE00FBA1BF /* AFNetworkReachabilityManager.m */ = {isa = PBXFileReference; fileEncoding = 4; lastKnownFileType = sourcecode.c.objc; path = AFNetworkReachabilityManager.m; sourceTree = "<group>"; };
		0C1F59771C54A4DE00FBA1BF /* AFSecurityPolicy.h */ = {isa = PBXFileReference; fileEncoding = 4; lastKnownFileType = sourcecode.c.h; path = AFSecurityPolicy.h; sourceTree = "<group>"; };
		0C1F59781C54A4DE00FBA1BF /* AFSecurityPolicy.m */ = {isa = PBXFileReference; fileEncoding = 4; lastKnownFileType = sourcecode.c.objc; path = AFSecurityPolicy.m; sourceTree = "<group>"; };
		0C1F59791C54A4DE00FBA1BF /* AFURLRequestSerialization.h */ = {isa = PBXFileReference; fileEncoding = 4; lastKnownFileType = sourcecode.c.h; path = AFURLRequestSerialization.h; sourceTree = "<group>"; };
		0C1F597A1C54A4DE00FBA1BF /* AFURLRequestSerialization.m */ = {isa = PBXFileReference; fileEncoding = 4; lastKnownFileType = sourcecode.c.objc; path = AFURLRequestSerialization.m; sourceTree = "<group>"; };
		0C1F597B1C54A4DE00FBA1BF /* AFURLResponseSerialization.h */ = {isa = PBXFileReference; fileEncoding = 4; lastKnownFileType = sourcecode.c.h; path = AFURLResponseSerialization.h; sourceTree = "<group>"; };
		0C1F597C1C54A4DE00FBA1BF /* AFURLResponseSerialization.m */ = {isa = PBXFileReference; fileEncoding = 4; lastKnownFileType = sourcecode.c.objc; path = AFURLResponseSerialization.m; sourceTree = "<group>"; };
		0C1F597D1C54A4DE00FBA1BF /* AFURLSessionManager.h */ = {isa = PBXFileReference; fileEncoding = 4; lastKnownFileType = sourcecode.c.h; path = AFURLSessionManager.h; sourceTree = "<group>"; };
		0C1F597E1C54A4DE00FBA1BF /* AFURLSessionManager.m */ = {isa = PBXFileReference; fileEncoding = 4; lastKnownFileType = sourcecode.c.objc; path = AFURLSessionManager.m; sourceTree = "<group>"; };
		0C1F597F1C54A4DE00FBA1BF /* TPRequestManager.h */ = {isa = PBXFileReference; fileEncoding = 4; lastKnownFileType = sourcecode.c.h; path = TPRequestManager.h; sourceTree = "<group>"; };
		0C1F59801C54A4DE00FBA1BF /* TPRequestManager.m */ = {isa = PBXFileReference; fileEncoding = 4; lastKnownFileType = sourcecode.c.objc; path = TPRequestManager.m; sourceTree = "<group>"; };
		0C53E74C1C32EC8A00A5A5D1 /* TPTestTag.h */ = {isa = PBXFileReference; fileEncoding = 4; lastKnownFileType = sourcecode.c.h; path = TPTestTag.h; sourceTree = "<group>"; };
		0C53E74D1C32EC8A00A5A5D1 /* TPTestTag.m */ = {isa = PBXFileReference; fileEncoding = 4; lastKnownFileType = sourcecode.c.objc; path = TPTestTag.m; sourceTree = "<group>"; };
		0C53E74F1C32F0A600A5A5D1 /* test.xml */ = {isa = PBXFileReference; fileEncoding = 4; lastKnownFileType = text.xml; path = test.xml; sourceTree = "<group>"; };
		28DF84EA1BFAF84B009A1C61 /* TPXMLParserExample.app */ = {isa = PBXFileReference; explicitFileType = wrapper.application; includeInIndex = 0; path = TPXMLParserExample.app; sourceTree = BUILT_PRODUCTS_DIR; };
		28DF84EE1BFAF84B009A1C61 /* main.m */ = {isa = PBXFileReference; lastKnownFileType = sourcecode.c.objc; path = main.m; sourceTree = "<group>"; };
		28DF84F01BFAF84B009A1C61 /* AppDelegate.h */ = {isa = PBXFileReference; lastKnownFileType = sourcecode.c.h; path = AppDelegate.h; sourceTree = "<group>"; };
		28DF84F11BFAF84B009A1C61 /* AppDelegate.m */ = {isa = PBXFileReference; lastKnownFileType = sourcecode.c.objc; path = AppDelegate.m; sourceTree = "<group>"; };
		28DF84F71BFAF84B009A1C61 /* Base */ = {isa = PBXFileReference; lastKnownFileType = file.storyboard; name = Base; path = Base.lproj/Main.storyboard; sourceTree = "<group>"; };
		28DF84F91BFAF84B009A1C61 /* Assets.xcassets */ = {isa = PBXFileReference; lastKnownFileType = folder.assetcatalog; path = Assets.xcassets; sourceTree = "<group>"; };
		28DF84FC1BFAF84B009A1C61 /* Base */ = {isa = PBXFileReference; lastKnownFileType = file.storyboard; name = Base; path = Base.lproj/LaunchScreen.storyboard; sourceTree = "<group>"; };
		28DF84FE1BFAF84B009A1C61 /* Info.plist */ = {isa = PBXFileReference; lastKnownFileType = text.plist.xml; path = Info.plist; sourceTree = "<group>"; };
		28DF85031BFAF84B009A1C61 /* TPXMLParserExampleTests.xctest */ = {isa = PBXFileReference; explicitFileType = wrapper.cfbundle; includeInIndex = 0; path = TPXMLParserExampleTests.xctest; sourceTree = BUILT_PRODUCTS_DIR; };
		28DF85071BFAF84B009A1C61 /* TPXMLParserExampleTests.m */ = {isa = PBXFileReference; lastKnownFileType = sourcecode.c.objc; path = TPXMLParserExampleTests.m; sourceTree = "<group>"; };
		28DF85091BFAF84B009A1C61 /* Info.plist */ = {isa = PBXFileReference; lastKnownFileType = text.plist.xml; path = Info.plist; sourceTree = "<group>"; };
		28DF850E1BFAF84B009A1C61 /* TPXMLParserExampleUITests.xctest */ = {isa = PBXFileReference; explicitFileType = wrapper.cfbundle; includeInIndex = 0; path = TPXMLParserExampleUITests.xctest; sourceTree = BUILT_PRODUCTS_DIR; };
		28DF85121BFAF84B009A1C61 /* TPXMLParserExampleUITests.m */ = {isa = PBXFileReference; lastKnownFileType = sourcecode.c.objc; path = TPXMLParserExampleUITests.m; sourceTree = "<group>"; };
		28DF85141BFAF84B009A1C61 /* Info.plist */ = {isa = PBXFileReference; lastKnownFileType = text.plist.xml; path = Info.plist; sourceTree = "<group>"; };
		28DF85231BFAF8B6009A1C61 /* TPXMLParser.h */ = {isa = PBXFileReference; fileEncoding = 4; lastKnownFileType = sourcecode.c.h; path = TPXMLParser.h; sourceTree = "<group>"; };
		28DF85241BFAF8B6009A1C61 /* TPXMLParser.m */ = {isa = PBXFileReference; fileEncoding = 4; lastKnownFileType = sourcecode.c.objc; path = TPXMLParser.m; sourceTree = "<group>"; };
		28DF85271BFAF954009A1C61 /* TPTestModel.h */ = {isa = PBXFileReference; fileEncoding = 4; lastKnownFileType = sourcecode.c.h; path = TPTestModel.h; sourceTree = "<group>"; };
		28DF85281BFAF954009A1C61 /* TPTestModel.m */ = {isa = PBXFileReference; fileEncoding = 4; lastKnownFileType = sourcecode.c.objc; path = TPTestModel.m; sourceTree = "<group>"; };
		28DF852B1BFAFAF1009A1C61 /* TPTestTableViewController.h */ = {isa = PBXFileReference; fileEncoding = 4; lastKnownFileType = sourcecode.c.h; path = TPTestTableViewController.h; sourceTree = "<group>"; };
		28DF852C1BFAFAF1009A1C61 /* TPTestTableViewController.m */ = {isa = PBXFileReference; fileEncoding = 4; lastKnownFileType = sourcecode.c.objc; path = TPTestTableViewController.m; sourceTree = "<group>"; };
		28DF852F1BFAFE1D009A1C61 /* TPTestTableViewCell.h */ = {isa = PBXFileReference; fileEncoding = 4; lastKnownFileType = sourcecode.c.h; path = TPTestTableViewCell.h; sourceTree = "<group>"; };
		28DF85301BFAFE1D009A1C61 /* TPTestTableViewCell.m */ = {isa = PBXFileReference; fileEncoding = 4; lastKnownFileType = sourcecode.c.objc; path = TPTestTableViewCell.m; sourceTree = "<group>"; };
		28DF85761BFB1F52009A1C61 /* MKAnnotationView+WebCache.h */ = {isa = PBXFileReference; fileEncoding = 4; lastKnownFileType = sourcecode.c.h; path = "MKAnnotationView+WebCache.h"; sourceTree = "<group>"; };
		28DF85771BFB1F52009A1C61 /* MKAnnotationView+WebCache.m */ = {isa = PBXFileReference; fileEncoding = 4; lastKnownFileType = sourcecode.c.objc; path = "MKAnnotationView+WebCache.m"; sourceTree = "<group>"; };
		28DF85781BFB1F52009A1C61 /* NSData+ImageContentType.h */ = {isa = PBXFileReference; fileEncoding = 4; lastKnownFileType = sourcecode.c.h; path = "NSData+ImageContentType.h"; sourceTree = "<group>"; };
		28DF85791BFB1F52009A1C61 /* NSData+ImageContentType.m */ = {isa = PBXFileReference; fileEncoding = 4; lastKnownFileType = sourcecode.c.objc; path = "NSData+ImageContentType.m"; sourceTree = "<group>"; };
		28DF857A1BFB1F52009A1C61 /* SDImageCache.h */ = {isa = PBXFileReference; fileEncoding = 4; lastKnownFileType = sourcecode.c.h; path = SDImageCache.h; sourceTree = "<group>"; };
		28DF857B1BFB1F52009A1C61 /* SDImageCache.m */ = {isa = PBXFileReference; fileEncoding = 4; lastKnownFileType = sourcecode.c.objc; path = SDImageCache.m; sourceTree = "<group>"; };
		28DF857C1BFB1F52009A1C61 /* SDWebImageCompat.h */ = {isa = PBXFileReference; fileEncoding = 4; lastKnownFileType = sourcecode.c.h; path = SDWebImageCompat.h; sourceTree = "<group>"; };
		28DF857D1BFB1F52009A1C61 /* SDWebImageCompat.m */ = {isa = PBXFileReference; fileEncoding = 4; lastKnownFileType = sourcecode.c.objc; path = SDWebImageCompat.m; sourceTree = "<group>"; };
		28DF857E1BFB1F52009A1C61 /* SDWebImageDecoder.h */ = {isa = PBXFileReference; fileEncoding = 4; lastKnownFileType = sourcecode.c.h; path = SDWebImageDecoder.h; sourceTree = "<group>"; };
		28DF857F1BFB1F52009A1C61 /* SDWebImageDecoder.m */ = {isa = PBXFileReference; fileEncoding = 4; lastKnownFileType = sourcecode.c.objc; path = SDWebImageDecoder.m; sourceTree = "<group>"; };
		28DF85801BFB1F52009A1C61 /* SDWebImageDownloader.h */ = {isa = PBXFileReference; fileEncoding = 4; lastKnownFileType = sourcecode.c.h; path = SDWebImageDownloader.h; sourceTree = "<group>"; };
		28DF85811BFB1F52009A1C61 /* SDWebImageDownloader.m */ = {isa = PBXFileReference; fileEncoding = 4; lastKnownFileType = sourcecode.c.objc; path = SDWebImageDownloader.m; sourceTree = "<group>"; };
		28DF85821BFB1F52009A1C61 /* SDWebImageDownloaderOperation.h */ = {isa = PBXFileReference; fileEncoding = 4; lastKnownFileType = sourcecode.c.h; path = SDWebImageDownloaderOperation.h; sourceTree = "<group>"; };
		28DF85831BFB1F52009A1C61 /* SDWebImageDownloaderOperation.m */ = {isa = PBXFileReference; fileEncoding = 4; lastKnownFileType = sourcecode.c.objc; path = SDWebImageDownloaderOperation.m; sourceTree = "<group>"; };
		28DF85841BFB1F52009A1C61 /* SDWebImageManager.h */ = {isa = PBXFileReference; fileEncoding = 4; lastKnownFileType = sourcecode.c.h; path = SDWebImageManager.h; sourceTree = "<group>"; };
		28DF85851BFB1F52009A1C61 /* SDWebImageManager.m */ = {isa = PBXFileReference; fileEncoding = 4; lastKnownFileType = sourcecode.c.objc; path = SDWebImageManager.m; sourceTree = "<group>"; };
		28DF85861BFB1F52009A1C61 /* SDWebImageOperation.h */ = {isa = PBXFileReference; fileEncoding = 4; lastKnownFileType = sourcecode.c.h; path = SDWebImageOperation.h; sourceTree = "<group>"; };
		28DF85871BFB1F52009A1C61 /* SDWebImagePrefetcher.h */ = {isa = PBXFileReference; fileEncoding = 4; lastKnownFileType = sourcecode.c.h; path = SDWebImagePrefetcher.h; sourceTree = "<group>"; };
		28DF85881BFB1F52009A1C61 /* SDWebImagePrefetcher.m */ = {isa = PBXFileReference; fileEncoding = 4; lastKnownFileType = sourcecode.c.objc; path = SDWebImagePrefetcher.m; sourceTree = "<group>"; };
		28DF85891BFB1F52009A1C61 /* UIButton+WebCache.h */ = {isa = PBXFileReference; fileEncoding = 4; lastKnownFileType = sourcecode.c.h; path = "UIButton+WebCache.h"; sourceTree = "<group>"; };
		28DF858A1BFB1F52009A1C61 /* UIButton+WebCache.m */ = {isa = PBXFileReference; fileEncoding = 4; lastKnownFileType = sourcecode.c.objc; path = "UIButton+WebCache.m"; sourceTree = "<group>"; };
		28DF858B1BFB1F52009A1C61 /* UIImage+GIF.h */ = {isa = PBXFileReference; fileEncoding = 4; lastKnownFileType = sourcecode.c.h; path = "UIImage+GIF.h"; sourceTree = "<group>"; };
		28DF858C1BFB1F52009A1C61 /* UIImage+GIF.m */ = {isa = PBXFileReference; fileEncoding = 4; lastKnownFileType = sourcecode.c.objc; path = "UIImage+GIF.m"; sourceTree = "<group>"; };
		28DF858D1BFB1F52009A1C61 /* UIImage+MultiFormat.h */ = {isa = PBXFileReference; fileEncoding = 4; lastKnownFileType = sourcecode.c.h; path = "UIImage+MultiFormat.h"; sourceTree = "<group>"; };
		28DF858E1BFB1F52009A1C61 /* UIImage+MultiFormat.m */ = {isa = PBXFileReference; fileEncoding = 4; lastKnownFileType = sourcecode.c.objc; path = "UIImage+MultiFormat.m"; sourceTree = "<group>"; };
		28DF858F1BFB1F52009A1C61 /* UIImage+WebP.h */ = {isa = PBXFileReference; fileEncoding = 4; lastKnownFileType = sourcecode.c.h; path = "UIImage+WebP.h"; sourceTree = "<group>"; };
		28DF85901BFB1F52009A1C61 /* UIImage+WebP.m */ = {isa = PBXFileReference; fileEncoding = 4; lastKnownFileType = sourcecode.c.objc; path = "UIImage+WebP.m"; sourceTree = "<group>"; };
		28DF85911BFB1F52009A1C61 /* UIImageView+HighlightedWebCache.h */ = {isa = PBXFileReference; fileEncoding = 4; lastKnownFileType = sourcecode.c.h; path = "UIImageView+HighlightedWebCache.h"; sourceTree = "<group>"; };
		28DF85921BFB1F52009A1C61 /* UIImageView+HighlightedWebCache.m */ = {isa = PBXFileReference; fileEncoding = 4; lastKnownFileType = sourcecode.c.objc; path = "UIImageView+HighlightedWebCache.m"; sourceTree = "<group>"; };
		28DF85931BFB1F52009A1C61 /* UIImageView+WebCache.h */ = {isa = PBXFileReference; fileEncoding = 4; lastKnownFileType = sourcecode.c.h; path = "UIImageView+WebCache.h"; sourceTree = "<group>"; };
		28DF85941BFB1F52009A1C61 /* UIImageView+WebCache.m */ = {isa = PBXFileReference; fileEncoding = 4; lastKnownFileType = sourcecode.c.objc; path = "UIImageView+WebCache.m"; sourceTree = "<group>"; };
		28DF85951BFB1F52009A1C61 /* UIView+WebCacheOperation.h */ = {isa = PBXFileReference; fileEncoding = 4; lastKnownFileType = sourcecode.c.h; path = "UIView+WebCacheOperation.h"; sourceTree = "<group>"; };
		28DF85961BFB1F52009A1C61 /* UIView+WebCacheOperation.m */ = {isa = PBXFileReference; fileEncoding = 4; lastKnownFileType = sourcecode.c.objc; path = "UIView+WebCacheOperation.m"; sourceTree = "<group>"; };
		28DF85A71BFB20C7009A1C61 /* a.png */ = {isa = PBXFileReference; lastKnownFileType = image.png; path = a.png; sourceTree = "<group>"; };
/* End PBXFileReference section */

/* Begin PBXFrameworksBuildPhase section */
		28DF84E71BFAF84B009A1C61 /* Frameworks */ = {
			isa = PBXFrameworksBuildPhase;
			buildActionMask = 2147483647;
			files = (
			);
			runOnlyForDeploymentPostprocessing = 0;
		};
		28DF85001BFAF84B009A1C61 /* Frameworks */ = {
			isa = PBXFrameworksBuildPhase;
			buildActionMask = 2147483647;
			files = (
			);
			runOnlyForDeploymentPostprocessing = 0;
		};
		28DF850B1BFAF84B009A1C61 /* Frameworks */ = {
			isa = PBXFrameworksBuildPhase;
			buildActionMask = 2147483647;
			files = (
			);
			runOnlyForDeploymentPostprocessing = 0;
		};
/* End PBXFrameworksBuildPhase section */

/* Begin PBXGroup section */
		0C1F59711C54A4DE00FBA1BF /* AFNetworking */ = {
			isa = PBXGroup;
			children = (
				0C1F59721C54A4DE00FBA1BF /* AFHTTPSessionManager.h */,
				0C1F59731C54A4DE00FBA1BF /* AFHTTPSessionManager.m */,
				0C1F59741C54A4DE00FBA1BF /* AFNetworking.h */,
				0C1F59751C54A4DE00FBA1BF /* AFNetworkReachabilityManager.h */,
				0C1F59761C54A4DE00FBA1BF /* AFNetworkReachabilityManager.m */,
				0C1F59771C54A4DE00FBA1BF /* AFSecurityPolicy.h */,
				0C1F59781C54A4DE00FBA1BF /* AFSecurityPolicy.m */,
				0C1F59791C54A4DE00FBA1BF /* AFURLRequestSerialization.h */,
				0C1F597A1C54A4DE00FBA1BF /* AFURLRequestSerialization.m */,
				0C1F597B1C54A4DE00FBA1BF /* AFURLResponseSerialization.h */,
				0C1F597C1C54A4DE00FBA1BF /* AFURLResponseSerialization.m */,
				0C1F597D1C54A4DE00FBA1BF /* AFURLSessionManager.h */,
				0C1F597E1C54A4DE00FBA1BF /* AFURLSessionManager.m */,
			);
			path = AFNetworking;
			sourceTree = "<group>";
		};
		28DF84E11BFAF84B009A1C61 = {
			isa = PBXGroup;
			children = (
				28DF85221BFAF89A009A1C61 /* TPXMLParser */,
				28DF84EC1BFAF84B009A1C61 /* TPXMLParserExample */,
				28DF85061BFAF84B009A1C61 /* TPXMLParserExampleTests */,
				28DF85111BFAF84B009A1C61 /* TPXMLParserExampleUITests */,
				28DF84EB1BFAF84B009A1C61 /* Products */,
			);
			sourceTree = "<group>";
		};
		28DF84EB1BFAF84B009A1C61 /* Products */ = {
			isa = PBXGroup;
			children = (
				28DF84EA1BFAF84B009A1C61 /* TPXMLParserExample.app */,
				28DF85031BFAF84B009A1C61 /* TPXMLParserExampleTests.xctest */,
				28DF850E1BFAF84B009A1C61 /* TPXMLParserExampleUITests.xctest */,
			);
			name = Products;
			sourceTree = "<group>";
		};
		28DF84EC1BFAF84B009A1C61 /* TPXMLParserExample */ = {
			isa = PBXGroup;
			children = (
				28DF84F01BFAF84B009A1C61 /* AppDelegate.h */,
				28DF84F11BFAF84B009A1C61 /* AppDelegate.m */,
				28DF852A1BFAFADA009A1C61 /* ViewControllers */,
				28DF852E1BFAFE01009A1C61 /* Views */,
				28DF85261BFAF938009A1C61 /* Model */,
				28DF85741BFB1F52009A1C61 /* Library */,
				28DF84F91BFAF84B009A1C61 /* Assets.xcassets */,
				28DF84F61BFAF84B009A1C61 /* Main.storyboard */,
				28DF84FB1BFAF84B009A1C61 /* LaunchScreen.storyboard */,
				28DF84FE1BFAF84B009A1C61 /* Info.plist */,
				28DF84ED1BFAF84B009A1C61 /* Supporting Files */,
			);
			path = TPXMLParserExample;
			sourceTree = "<group>";
		};
		28DF84ED1BFAF84B009A1C61 /* Supporting Files */ = {
			isa = PBXGroup;
			children = (
				28DF85A71BFB20C7009A1C61 /* a.png */,
				0C53E74F1C32F0A600A5A5D1 /* test.xml */,
				28DF84EE1BFAF84B009A1C61 /* main.m */,
			);
			name = "Supporting Files";
			sourceTree = "<group>";
		};
		28DF85061BFAF84B009A1C61 /* TPXMLParserExampleTests */ = {
			isa = PBXGroup;
			children = (
				28DF85071BFAF84B009A1C61 /* TPXMLParserExampleTests.m */,
				28DF85091BFAF84B009A1C61 /* Info.plist */,
			);
			path = TPXMLParserExampleTests;
			sourceTree = "<group>";
		};
		28DF85111BFAF84B009A1C61 /* TPXMLParserExampleUITests */ = {
			isa = PBXGroup;
			children = (
				28DF85121BFAF84B009A1C61 /* TPXMLParserExampleUITests.m */,
				28DF85141BFAF84B009A1C61 /* Info.plist */,
			);
			path = TPXMLParserExampleUITests;
			sourceTree = "<group>";
		};
		28DF85221BFAF89A009A1C61 /* TPXMLParser */ = {
			isa = PBXGroup;
			children = (
				28DF85231BFAF8B6009A1C61 /* TPXMLParser.h */,
				28DF85241BFAF8B6009A1C61 /* TPXMLParser.m */,
				0C1F597F1C54A4DE00FBA1BF /* TPRequestManager.h */,
				0C1F59801C54A4DE00FBA1BF /* TPRequestManager.m */,
				0C1F59711C54A4DE00FBA1BF /* AFNetworking */,
			);
			path = TPXMLParser;
			sourceTree = "<group>";
		};
		28DF85261BFAF938009A1C61 /* Model */ = {
			isa = PBXGroup;
			children = (
				28DF85271BFAF954009A1C61 /* TPTestModel.h */,
				28DF85281BFAF954009A1C61 /* TPTestModel.m */,
				0C53E74C1C32EC8A00A5A5D1 /* TPTestTag.h */,
				0C53E74D1C32EC8A00A5A5D1 /* TPTestTag.m */,
			);
			path = Model;
			sourceTree = "<group>";
		};
		28DF852A1BFAFADA009A1C61 /* ViewControllers */ = {
			isa = PBXGroup;
			children = (
				28DF852B1BFAFAF1009A1C61 /* TPTestTableViewController.h */,
				28DF852C1BFAFAF1009A1C61 /* TPTestTableViewController.m */,
			);
			path = ViewControllers;
			sourceTree = "<group>";
		};
		28DF852E1BFAFE01009A1C61 /* Views */ = {
			isa = PBXGroup;
			children = (
				28DF852F1BFAFE1D009A1C61 /* TPTestTableViewCell.h */,
				28DF85301BFAFE1D009A1C61 /* TPTestTableViewCell.m */,
			);
			path = Views;
			sourceTree = "<group>";
		};
		28DF85741BFB1F52009A1C61 /* Library */ = {
			isa = PBXGroup;
			children = (
				28DF85751BFB1F52009A1C61 /* SDWebImage */,
			);
			path = Library;
			sourceTree = "<group>";
		};
		28DF85751BFB1F52009A1C61 /* SDWebImage */ = {
			isa = PBXGroup;
			children = (
				28DF85761BFB1F52009A1C61 /* MKAnnotationView+WebCache.h */,
				28DF85771BFB1F52009A1C61 /* MKAnnotationView+WebCache.m */,
				28DF85781BFB1F52009A1C61 /* NSData+ImageContentType.h */,
				28DF85791BFB1F52009A1C61 /* NSData+ImageContentType.m */,
				28DF857A1BFB1F52009A1C61 /* SDImageCache.h */,
				28DF857B1BFB1F52009A1C61 /* SDImageCache.m */,
				28DF857C1BFB1F52009A1C61 /* SDWebImageCompat.h */,
				28DF857D1BFB1F52009A1C61 /* SDWebImageCompat.m */,
				28DF857E1BFB1F52009A1C61 /* SDWebImageDecoder.h */,
				28DF857F1BFB1F52009A1C61 /* SDWebImageDecoder.m */,
				28DF85801BFB1F52009A1C61 /* SDWebImageDownloader.h */,
				28DF85811BFB1F52009A1C61 /* SDWebImageDownloader.m */,
				28DF85821BFB1F52009A1C61 /* SDWebImageDownloaderOperation.h */,
				28DF85831BFB1F52009A1C61 /* SDWebImageDownloaderOperation.m */,
				28DF85841BFB1F52009A1C61 /* SDWebImageManager.h */,
				28DF85851BFB1F52009A1C61 /* SDWebImageManager.m */,
				28DF85861BFB1F52009A1C61 /* SDWebImageOperation.h */,
				28DF85871BFB1F52009A1C61 /* SDWebImagePrefetcher.h */,
				28DF85881BFB1F52009A1C61 /* SDWebImagePrefetcher.m */,
				28DF85891BFB1F52009A1C61 /* UIButton+WebCache.h */,
				28DF858A1BFB1F52009A1C61 /* UIButton+WebCache.m */,
				28DF858B1BFB1F52009A1C61 /* UIImage+GIF.h */,
				28DF858C1BFB1F52009A1C61 /* UIImage+GIF.m */,
				28DF858D1BFB1F52009A1C61 /* UIImage+MultiFormat.h */,
				28DF858E1BFB1F52009A1C61 /* UIImage+MultiFormat.m */,
				28DF858F1BFB1F52009A1C61 /* UIImage+WebP.h */,
				28DF85901BFB1F52009A1C61 /* UIImage+WebP.m */,
				28DF85911BFB1F52009A1C61 /* UIImageView+HighlightedWebCache.h */,
				28DF85921BFB1F52009A1C61 /* UIImageView+HighlightedWebCache.m */,
				28DF85931BFB1F52009A1C61 /* UIImageView+WebCache.h */,
				28DF85941BFB1F52009A1C61 /* UIImageView+WebCache.m */,
				28DF85951BFB1F52009A1C61 /* UIView+WebCacheOperation.h */,
				28DF85961BFB1F52009A1C61 /* UIView+WebCacheOperation.m */,
			);
			path = SDWebImage;
			sourceTree = "<group>";
		};
/* End PBXGroup section */

/* Begin PBXNativeTarget section */
		28DF84E91BFAF84B009A1C61 /* TPXMLParserExample */ = {
			isa = PBXNativeTarget;
			buildConfigurationList = 28DF85171BFAF84B009A1C61 /* Build configuration list for PBXNativeTarget "TPXMLParserExample" */;
			buildPhases = (
				28DF84E61BFAF84B009A1C61 /* Sources */,
				28DF84E71BFAF84B009A1C61 /* Frameworks */,
				28DF84E81BFAF84B009A1C61 /* Resources */,
			);
			buildRules = (
			);
			dependencies = (
			);
			name = TPXMLParserExample;
			productName = TPXMLParserExample;
			productReference = 28DF84EA1BFAF84B009A1C61 /* TPXMLParserExample.app */;
			productType = "com.apple.product-type.application";
		};
		28DF85021BFAF84B009A1C61 /* TPXMLParserExampleTests */ = {
			isa = PBXNativeTarget;
			buildConfigurationList = 28DF851A1BFAF84B009A1C61 /* Build configuration list for PBXNativeTarget "TPXMLParserExampleTests" */;
			buildPhases = (
				28DF84FF1BFAF84B009A1C61 /* Sources */,
				28DF85001BFAF84B009A1C61 /* Frameworks */,
				28DF85011BFAF84B009A1C61 /* Resources */,
			);
			buildRules = (
			);
			dependencies = (
				28DF85051BFAF84B009A1C61 /* PBXTargetDependency */,
			);
			name = TPXMLParserExampleTests;
			productName = TPXMLParserExampleTests;
			productReference = 28DF85031BFAF84B009A1C61 /* TPXMLParserExampleTests.xctest */;
			productType = "com.apple.product-type.bundle.unit-test";
		};
		28DF850D1BFAF84B009A1C61 /* TPXMLParserExampleUITests */ = {
			isa = PBXNativeTarget;
			buildConfigurationList = 28DF851D1BFAF84B009A1C61 /* Build configuration list for PBXNativeTarget "TPXMLParserExampleUITests" */;
			buildPhases = (
				28DF850A1BFAF84B009A1C61 /* Sources */,
				28DF850B1BFAF84B009A1C61 /* Frameworks */,
				28DF850C1BFAF84B009A1C61 /* Resources */,
			);
			buildRules = (
			);
			dependencies = (
				28DF85101BFAF84B009A1C61 /* PBXTargetDependency */,
			);
			name = TPXMLParserExampleUITests;
			productName = TPXMLParserExampleUITests;
			productReference = 28DF850E1BFAF84B009A1C61 /* TPXMLParserExampleUITests.xctest */;
			productType = "com.apple.product-type.bundle.ui-testing";
		};
/* End PBXNativeTarget section */

/* Begin PBXProject section */
		28DF84E21BFAF84B009A1C61 /* Project object */ = {
			isa = PBXProject;
			attributes = {
				LastUpgradeCheck = 0710;
				ORGANIZATIONNAME = TP;
				TargetAttributes = {
					28DF84E91BFAF84B009A1C61 = {
						CreatedOnToolsVersion = 7.1;
					};
					28DF85021BFAF84B009A1C61 = {
						CreatedOnToolsVersion = 7.1;
						TestTargetID = 28DF84E91BFAF84B009A1C61;
					};
					28DF850D1BFAF84B009A1C61 = {
						CreatedOnToolsVersion = 7.1;
						TestTargetID = 28DF84E91BFAF84B009A1C61;
					};
				};
			};
			buildConfigurationList = 28DF84E51BFAF84B009A1C61 /* Build configuration list for PBXProject "TPXMLParserExample" */;
			compatibilityVersion = "Xcode 3.2";
			developmentRegion = English;
			hasScannedForEncodings = 0;
			knownRegions = (
				en,
				Base,
			);
			mainGroup = 28DF84E11BFAF84B009A1C61;
			productRefGroup = 28DF84EB1BFAF84B009A1C61 /* Products */;
			projectDirPath = "";
			projectRoot = "";
			targets = (
				28DF84E91BFAF84B009A1C61 /* TPXMLParserExample */,
				28DF85021BFAF84B009A1C61 /* TPXMLParserExampleTests */,
				28DF850D1BFAF84B009A1C61 /* TPXMLParserExampleUITests */,
			);
		};
/* End PBXProject section */

/* Begin PBXResourcesBuildPhase section */
		28DF84E81BFAF84B009A1C61 /* Resources */ = {
			isa = PBXResourcesBuildPhase;
			buildActionMask = 2147483647;
			files = (
				28DF84FD1BFAF84B009A1C61 /* LaunchScreen.storyboard in Resources */,
				0C53E7501C32F0A600A5A5D1 /* test.xml in Resources */,
				28DF84FA1BFAF84B009A1C61 /* Assets.xcassets in Resources */,
				28DF85A81BFB20C7009A1C61 /* a.png in Resources */,
				28DF84F81BFAF84B009A1C61 /* Main.storyboard in Resources */,
			);
			runOnlyForDeploymentPostprocessing = 0;
		};
		28DF85011BFAF84B009A1C61 /* Resources */ = {
			isa = PBXResourcesBuildPhase;
			buildActionMask = 2147483647;
			files = (
			);
			runOnlyForDeploymentPostprocessing = 0;
		};
		28DF850C1BFAF84B009A1C61 /* Resources */ = {
			isa = PBXResourcesBuildPhase;
			buildActionMask = 2147483647;
			files = (
			);
			runOnlyForDeploymentPostprocessing = 0;
		};
/* End PBXResourcesBuildPhase section */

/* Begin PBXSourcesBuildPhase section */
		28DF84E61BFAF84B009A1C61 /* Sources */ = {
			isa = PBXSourcesBuildPhase;
			buildActionMask = 2147483647;
			files = (
				0C1F59841C54A4DE00FBA1BF /* AFURLRequestSerialization.m in Sources */,
				0C53E74E1C32EC8A00A5A5D1 /* TPTestTag.m in Sources */,
				28DF84F21BFAF84B009A1C61 /* AppDelegate.m in Sources */,
				28DF859E1BFB1F52009A1C61 /* SDWebImageManager.m in Sources */,
				28DF85991BFB1F52009A1C61 /* SDImageCache.m in Sources */,
				0C1F59861C54A4DE00FBA1BF /* AFURLSessionManager.m in Sources */,
				28DF859D1BFB1F52009A1C61 /* SDWebImageDownloaderOperation.m in Sources */,
				28DF85A61BFB1F52009A1C61 /* UIView+WebCacheOperation.m in Sources */,
				28DF85311BFAFE1D009A1C61 /* TPTestTableViewCell.m in Sources */,
				28DF85A01BFB1F52009A1C61 /* UIButton+WebCache.m in Sources */,
				28DF85981BFB1F52009A1C61 /* NSData+ImageContentType.m in Sources */,
				0C1F59871C54A4DE00FBA1BF /* TPRequestManager.m in Sources */,
				28DF859F1BFB1F52009A1C61 /* SDWebImagePrefetcher.m in Sources */,
				28DF859C1BFB1F52009A1C61 /* SDWebImageDownloader.m in Sources */,
				28DF85251BFAF8B6009A1C61 /* TPXMLParser.m in Sources */,
				0C1F59821C54A4DE00FBA1BF /* AFNetworkReachabilityManager.m in Sources */,
				28DF85A31BFB1F52009A1C61 /* UIImage+WebP.m in Sources */,
				28DF85A51BFB1F52009A1C61 /* UIImageView+WebCache.m in Sources */,
				28DF859B1BFB1F52009A1C61 /* SDWebImageDecoder.m in Sources */,
				0C1F59811C54A4DE00FBA1BF /* AFHTTPSessionManager.m in Sources */,
				28DF852D1BFAFAF1009A1C61 /* TPTestTableViewController.m in Sources */,
				28DF85971BFB1F52009A1C61 /* MKAnnotationView+WebCache.m in Sources */,
				28DF859A1BFB1F52009A1C61 /* SDWebImageCompat.m in Sources */,
				28DF84EF1BFAF84B009A1C61 /* main.m in Sources */,
				28DF85291BFAF954009A1C61 /* TPTestModel.m in Sources */,
				0C1F59831C54A4DE00FBA1BF /* AFSecurityPolicy.m in Sources */,
				28DF85A21BFB1F52009A1C61 /* UIImage+MultiFormat.m in Sources */,
				28DF85A41BFB1F52009A1C61 /* UIImageView+HighlightedWebCache.m in Sources */,
				0C1F59851C54A4DE00FBA1BF /* AFURLResponseSerialization.m in Sources */,
				28DF85A11BFB1F52009A1C61 /* UIImage+GIF.m in Sources */,
			);
			runOnlyForDeploymentPostprocessing = 0;
		};
		28DF84FF1BFAF84B009A1C61 /* Sources */ = {
			isa = PBXSourcesBuildPhase;
			buildActionMask = 2147483647;
			files = (
				28DF85081BFAF84B009A1C61 /* TPXMLParserExampleTests.m in Sources */,
			);
			runOnlyForDeploymentPostprocessing = 0;
		};
		28DF850A1BFAF84B009A1C61 /* Sources */ = {
			isa = PBXSourcesBuildPhase;
			buildActionMask = 2147483647;
			files = (
				28DF85131BFAF84B009A1C61 /* TPXMLParserExampleUITests.m in Sources */,
			);
			runOnlyForDeploymentPostprocessing = 0;
		};
/* End PBXSourcesBuildPhase section */

/* Begin PBXTargetDependency section */
		28DF85051BFAF84B009A1C61 /* PBXTargetDependency */ = {
			isa = PBXTargetDependency;
			target = 28DF84E91BFAF84B009A1C61 /* TPXMLParserExample */;
			targetProxy = 28DF85041BFAF84B009A1C61 /* PBXContainerItemProxy */;
		};
		28DF85101BFAF84B009A1C61 /* PBXTargetDependency */ = {
			isa = PBXTargetDependency;
			target = 28DF84E91BFAF84B009A1C61 /* TPXMLParserExample */;
			targetProxy = 28DF850F1BFAF84B009A1C61 /* PBXContainerItemProxy */;
		};
/* End PBXTargetDependency section */

/* Begin PBXVariantGroup section */
		28DF84F61BFAF84B009A1C61 /* Main.storyboard */ = {
			isa = PBXVariantGroup;
			children = (
				28DF84F71BFAF84B009A1C61 /* Base */,
			);
			name = Main.storyboard;
			sourceTree = "<group>";
		};
		28DF84FB1BFAF84B009A1C61 /* LaunchScreen.storyboard */ = {
			isa = PBXVariantGroup;
			children = (
				28DF84FC1BFAF84B009A1C61 /* Base */,
			);
			name = LaunchScreen.storyboard;
			sourceTree = "<group>";
		};
/* End PBXVariantGroup section */

/* Begin XCBuildConfiguration section */
		28DF85151BFAF84B009A1C61 /* Debug */ = {
			isa = XCBuildConfiguration;
			buildSettings = {
				ALWAYS_SEARCH_USER_PATHS = NO;
				CLANG_CXX_LANGUAGE_STANDARD = "gnu++0x";
				CLANG_CXX_LIBRARY = "libc++";
				CLANG_ENABLE_MODULES = YES;
				CLANG_ENABLE_OBJC_ARC = YES;
				CLANG_WARN_BOOL_CONVERSION = YES;
				CLANG_WARN_CONSTANT_CONVERSION = YES;
				CLANG_WARN_DIRECT_OBJC_ISA_USAGE = YES_ERROR;
				CLANG_WARN_EMPTY_BODY = YES;
				CLANG_WARN_ENUM_CONVERSION = YES;
				CLANG_WARN_INT_CONVERSION = YES;
				CLANG_WARN_OBJC_ROOT_CLASS = YES_ERROR;
				CLANG_WARN_UNREACHABLE_CODE = YES;
				CLANG_WARN__DUPLICATE_METHOD_MATCH = YES;
				CODE_SIGN_IDENTITY = "iPhone Developer";
				"CODE_SIGN_IDENTITY[sdk=iphoneos*]" = "iPhone Developer";
				COPY_PHASE_STRIP = NO;
				DEBUG_INFORMATION_FORMAT = dwarf;
				ENABLE_STRICT_OBJC_MSGSEND = YES;
				ENABLE_TESTABILITY = YES;
				GCC_C_LANGUAGE_STANDARD = gnu99;
				GCC_DYNAMIC_NO_PIC = NO;
				GCC_NO_COMMON_BLOCKS = YES;
				GCC_OPTIMIZATION_LEVEL = 0;
				GCC_PREPROCESSOR_DEFINITIONS = (
					"DEBUG=1",
					"$(inherited)",
				);
				GCC_WARN_64_TO_32_BIT_CONVERSION = YES;
				GCC_WARN_ABOUT_RETURN_TYPE = YES_ERROR;
				GCC_WARN_UNDECLARED_SELECTOR = YES;
				GCC_WARN_UNINITIALIZED_AUTOS = YES_AGGRESSIVE;
				GCC_WARN_UNUSED_FUNCTION = YES;
				GCC_WARN_UNUSED_VARIABLE = YES;
				IPHONEOS_DEPLOYMENT_TARGET = 9.1;
				MTL_ENABLE_DEBUG_INFO = YES;
				ONLY_ACTIVE_ARCH = YES;
				SDKROOT = iphoneos;
				TARGETED_DEVICE_FAMILY = "1,2";
			};
			name = Debug;
		};
		28DF85161BFAF84B009A1C61 /* Release */ = {
			isa = XCBuildConfiguration;
			buildSettings = {
				ALWAYS_SEARCH_USER_PATHS = NO;
				CLANG_CXX_LANGUAGE_STANDARD = "gnu++0x";
				CLANG_CXX_LIBRARY = "libc++";
				CLANG_ENABLE_MODULES = YES;
				CLANG_ENABLE_OBJC_ARC = YES;
				CLANG_WARN_BOOL_CONVERSION = YES;
				CLANG_WARN_CONSTANT_CONVERSION = YES;
				CLANG_WARN_DIRECT_OBJC_ISA_USAGE = YES_ERROR;
				CLANG_WARN_EMPTY_BODY = YES;
				CLANG_WARN_ENUM_CONVERSION = YES;
				CLANG_WARN_INT_CONVERSION = YES;
				CLANG_WARN_OBJC_ROOT_CLASS = YES_ERROR;
				CLANG_WARN_UNREACHABLE_CODE = YES;
				CLANG_WARN__DUPLICATE_METHOD_MATCH = YES;
				CODE_SIGN_IDENTITY = "iPhone Developer";
				"CODE_SIGN_IDENTITY[sdk=iphoneos*]" = "iPhone Developer";
				COPY_PHASE_STRIP = NO;
				DEBUG_INFORMATION_FORMAT = "dwarf-with-dsym";
				ENABLE_NS_ASSERTIONS = NO;
				ENABLE_STRICT_OBJC_MSGSEND = YES;
				GCC_C_LANGUAGE_STANDARD = gnu99;
				GCC_NO_COMMON_BLOCKS = YES;
				GCC_WARN_64_TO_32_BIT_CONVERSION = YES;
				GCC_WARN_ABOUT_RETURN_TYPE = YES_ERROR;
				GCC_WARN_UNDECLARED_SELECTOR = YES;
				GCC_WARN_UNINITIALIZED_AUTOS = YES_AGGRESSIVE;
				GCC_WARN_UNUSED_FUNCTION = YES;
				GCC_WARN_UNUSED_VARIABLE = YES;
				IPHONEOS_DEPLOYMENT_TARGET = 9.1;
				MTL_ENABLE_DEBUG_INFO = NO;
				SDKROOT = iphoneos;
				TARGETED_DEVICE_FAMILY = "1,2";
				VALIDATE_PRODUCT = YES;
			};
			name = Release;
		};
		28DF85181BFAF84B009A1C61 /* Debug */ = {
			isa = XCBuildConfiguration;
			buildSettings = {
				ASSETCATALOG_COMPILER_APPICON_NAME = AppIcon;
				INFOPLIST_FILE = TPXMLParserExample/Info.plist;
				LD_RUNPATH_SEARCH_PATHS = "$(inherited) @executable_path/Frameworks";
				PRODUCT_BUNDLE_IDENTIFIER = com.tp.TPXMLParserExample;
				PRODUCT_NAME = "$(TARGET_NAME)";
			};
			name = Debug;
		};
		28DF85191BFAF84B009A1C61 /* Release */ = {
			isa = XCBuildConfiguration;
			buildSettings = {
				ASSETCATALOG_COMPILER_APPICON_NAME = AppIcon;
				INFOPLIST_FILE = TPXMLParserExample/Info.plist;
				LD_RUNPATH_SEARCH_PATHS = "$(inherited) @executable_path/Frameworks";
				PRODUCT_BUNDLE_IDENTIFIER = com.tp.TPXMLParserExample;
				PRODUCT_NAME = "$(TARGET_NAME)";
			};
			name = Release;
		};
		28DF851B1BFAF84B009A1C61 /* Debug */ = {
			isa = XCBuildConfiguration;
			buildSettings = {
				BUNDLE_LOADER = "$(TEST_HOST)";
				INFOPLIST_FILE = TPXMLParserExampleTests/Info.plist;
				LD_RUNPATH_SEARCH_PATHS = "$(inherited) @executable_path/Frameworks @loader_path/Frameworks";
				PRODUCT_BUNDLE_IDENTIFIER = com.tp.TPXMLParserExampleTests;
				PRODUCT_NAME = "$(TARGET_NAME)";
				TEST_HOST = "$(BUILT_PRODUCTS_DIR)/TPXMLParserExample.app/TPXMLParserExample";
			};
			name = Debug;
		};
		28DF851C1BFAF84B009A1C61 /* Release */ = {
			isa = XCBuildConfiguration;
			buildSettings = {
				BUNDLE_LOADER = "$(TEST_HOST)";
				INFOPLIST_FILE = TPXMLParserExampleTests/Info.plist;
				LD_RUNPATH_SEARCH_PATHS = "$(inherited) @executable_path/Frameworks @loader_path/Frameworks";
				PRODUCT_BUNDLE_IDENTIFIER = com.tp.TPXMLParserExampleTests;
				PRODUCT_NAME = "$(TARGET_NAME)";
				TEST_HOST = "$(BUILT_PRODUCTS_DIR)/TPXMLParserExample.app/TPXMLParserExample";
			};
			name = Release;
		};
		28DF851E1BFAF84B009A1C61 /* Debug */ = {
			isa = XCBuildConfiguration;
			buildSettings = {
				INFOPLIST_FILE = TPXMLParserExampleUITests/Info.plist;
				LD_RUNPATH_SEARCH_PATHS = "$(inherited) @executable_path/Frameworks @loader_path/Frameworks";
				PRODUCT_BUNDLE_IDENTIFIER = com.tp.TPXMLParserExampleUITests;
				PRODUCT_NAME = "$(TARGET_NAME)";
				TEST_TARGET_NAME = TPXMLParserExample;
				USES_XCTRUNNER = YES;
			};
			name = Debug;
		};
		28DF851F1BFAF84B009A1C61 /* Release */ = {
			isa = XCBuildConfiguration;
			buildSettings = {
				INFOPLIST_FILE = TPXMLParserExampleUITests/Info.plist;
				LD_RUNPATH_SEARCH_PATHS = "$(inherited) @executable_path/Frameworks @loader_path/Frameworks";
				PRODUCT_BUNDLE_IDENTIFIER = com.tp.TPXMLParserExampleUITests;
				PRODUCT_NAME = "$(TARGET_NAME)";
				TEST_TARGET_NAME = TPXMLParserExample;
				USES_XCTRUNNER = YES;
			};
			name = Release;
		};
/* End XCBuildConfiguration section */

/* Begin XCConfigurationList section */
		28DF84E51BFAF84B009A1C61 /* Build configuration list for PBXProject "TPXMLParserExample" */ = {
			isa = XCConfigurationList;
			buildConfigurations = (
				28DF85151BFAF84B009A1C61 /* Debug */,
				28DF85161BFAF84B009A1C61 /* Release */,
			);
			defaultConfigurationIsVisible = 0;
			defaultConfigurationName = Release;
		};
		28DF85171BFAF84B009A1C61 /* Build configuration list for PBXNativeTarget "TPXMLParserExample" */ = {
			isa = XCConfigurationList;
			buildConfigurations = (
				28DF85181BFAF84B009A1C61 /* Debug */,
				28DF85191BFAF84B009A1C61 /* Release */,
			);
			defaultConfigurationIsVisible = 0;
			defaultConfigurationName = Release;
		};
		28DF851A1BFAF84B009A1C61 /* Build configuration list for PBXNativeTarget "TPXMLParserExampleTests" */ = {
			isa = XCConfigurationList;
			buildConfigurations = (
				28DF851B1BFAF84B009A1C61 /* Debug */,
				28DF851C1BFAF84B009A1C61 /* Release */,
			);
			defaultConfigurationIsVisible = 0;
			defaultConfigurationName = Release;
		};
		28DF851D1BFAF84B009A1C61 /* Build configuration list for PBXNativeTarget "TPXMLParserExampleUITests" */ = {
			isa = XCConfigurationList;
			buildConfigurations = (
				28DF851E1BFAF84B009A1C61 /* Debug */,
				28DF851F1BFAF84B009A1C61 /* Release */,
			);
			defaultConfigurationIsVisible = 0;
			defaultConfigurationName = Release;
		};
/* End XCConfigurationList section */
	};
	rootObject = 28DF84E21BFAF84B009A1C61 /* Project object */;
}
